// !$*UTF8*$!
{
	archiveVersion = 1;
	classes = {
	};
	objectVersion = 55;
	objects = {

/* Begin PBXBuildFile section */
		DF707F14298187FA00EEF366 /* RMGetAllCharactersResponse.swift in Sources */ = {isa = PBXBuildFile; fileRef = DF707F13298187FA00EEF366 /* RMGetAllCharactersResponse.swift */; };
		DF78F42329783FC400892685 /* AppDelegate.swift in Sources */ = {isa = PBXBuildFile; fileRef = DF78F42229783FC400892685 /* AppDelegate.swift */; };
		DF78F42529783FC400892685 /* SceneDelegate.swift in Sources */ = {isa = PBXBuildFile; fileRef = DF78F42429783FC400892685 /* SceneDelegate.swift */; };
		DF78F42729783FC400892685 /* RMTabViewController.swift in Sources */ = {isa = PBXBuildFile; fileRef = DF78F42629783FC400892685 /* RMTabViewController.swift */; };
		DF78F42C29783FC600892685 /* Assets.xcassets in Resources */ = {isa = PBXBuildFile; fileRef = DF78F42B29783FC600892685 /* Assets.xcassets */; };
		DF78F42F29783FC600892685 /* LaunchScreen.storyboard in Resources */ = {isa = PBXBuildFile; fileRef = DF78F42D29783FC600892685 /* LaunchScreen.storyboard */; };
		DF78F43E2978463100892685 /* RMLocation.swift in Sources */ = {isa = PBXBuildFile; fileRef = DF78F43D2978463100892685 /* RMLocation.swift */; };
		DF78F4402978463C00892685 /* RMCharacter.swift in Sources */ = {isa = PBXBuildFile; fileRef = DF78F43F2978463C00892685 /* RMCharacter.swift */; };
		DF78F4422978464D00892685 /* RMEpisode.swift in Sources */ = {isa = PBXBuildFile; fileRef = DF78F4412978464D00892685 /* RMEpisode.swift */; };
		DF78F4462978485600892685 /* RMLocationViewController.swift in Sources */ = {isa = PBXBuildFile; fileRef = DF78F4452978485600892685 /* RMLocationViewController.swift */; };
		DF78F4482978486000892685 /* RMCharacterViewController.swift in Sources */ = {isa = PBXBuildFile; fileRef = DF78F4472978486000892685 /* RMCharacterViewController.swift */; };
		DF78F44A2978487300892685 /* RMEpisodeViewController.swift in Sources */ = {isa = PBXBuildFile; fileRef = DF78F4492978487300892685 /* RMEpisodeViewController.swift */; };
		DF78F44C2978488400892685 /* RMSettingsViewController.swift in Sources */ = {isa = PBXBuildFile; fileRef = DF78F44B2978488400892685 /* RMSettingsViewController.swift */; };
		DF78F44E2979C84B00892685 /* RMService.swift in Sources */ = {isa = PBXBuildFile; fileRef = DF78F44D2979C84B00892685 /* RMService.swift */; };
		DF78F4502979C85200892685 /* RMRequest.swift in Sources */ = {isa = PBXBuildFile; fileRef = DF78F44F2979C85200892685 /* RMRequest.swift */; };
		DF78F4522979C9E300892685 /* RMEndpoint.swift in Sources */ = {isa = PBXBuildFile; fileRef = DF78F4512979C9E300892685 /* RMEndpoint.swift */; };
/* End PBXBuildFile section */

/* Begin PBXFileReference section */
		DF707F13298187FA00EEF366 /* RMGetAllCharactersResponse.swift */ = {isa = PBXFileReference; lastKnownFileType = sourcecode.swift; path = RMGetAllCharactersResponse.swift; sourceTree = "<group>"; };
		DF78F41F29783FC400892685 /* rick-and-morty.app */ = {isa = PBXFileReference; explicitFileType = wrapper.application; includeInIndex = 0; path = "rick-and-morty.app"; sourceTree = BUILT_PRODUCTS_DIR; };
		DF78F42229783FC400892685 /* AppDelegate.swift */ = {isa = PBXFileReference; lastKnownFileType = sourcecode.swift; path = AppDelegate.swift; sourceTree = "<group>"; };
		DF78F42429783FC400892685 /* SceneDelegate.swift */ = {isa = PBXFileReference; lastKnownFileType = sourcecode.swift; path = SceneDelegate.swift; sourceTree = "<group>"; };
		DF78F42629783FC400892685 /* RMTabViewController.swift */ = {isa = PBXFileReference; lastKnownFileType = sourcecode.swift; path = RMTabViewController.swift; sourceTree = "<group>"; };
		DF78F42B29783FC600892685 /* Assets.xcassets */ = {isa = PBXFileReference; lastKnownFileType = folder.assetcatalog; path = Assets.xcassets; sourceTree = "<group>"; };
		DF78F42E29783FC600892685 /* Base */ = {isa = PBXFileReference; lastKnownFileType = file.storyboard; name = Base; path = Base.lproj/LaunchScreen.storyboard; sourceTree = "<group>"; };
		DF78F43029783FC600892685 /* Info.plist */ = {isa = PBXFileReference; lastKnownFileType = text.plist.xml; path = Info.plist; sourceTree = "<group>"; };
		DF78F43D2978463100892685 /* RMLocation.swift */ = {isa = PBXFileReference; lastKnownFileType = sourcecode.swift; path = RMLocation.swift; sourceTree = "<group>"; };
		DF78F43F2978463C00892685 /* RMCharacter.swift */ = {isa = PBXFileReference; lastKnownFileType = sourcecode.swift; path = RMCharacter.swift; sourceTree = "<group>"; };
		DF78F4412978464D00892685 /* RMEpisode.swift */ = {isa = PBXFileReference; lastKnownFileType = sourcecode.swift; path = RMEpisode.swift; sourceTree = "<group>"; };
		DF78F4452978485600892685 /* RMLocationViewController.swift */ = {isa = PBXFileReference; lastKnownFileType = sourcecode.swift; path = RMLocationViewController.swift; sourceTree = "<group>"; };
		DF78F4472978486000892685 /* RMCharacterViewController.swift */ = {isa = PBXFileReference; lastKnownFileType = sourcecode.swift; path = RMCharacterViewController.swift; sourceTree = "<group>"; };
		DF78F4492978487300892685 /* RMEpisodeViewController.swift */ = {isa = PBXFileReference; lastKnownFileType = sourcecode.swift; path = RMEpisodeViewController.swift; sourceTree = "<group>"; };
		DF78F44B2978488400892685 /* RMSettingsViewController.swift */ = {isa = PBXFileReference; lastKnownFileType = sourcecode.swift; path = RMSettingsViewController.swift; sourceTree = "<group>"; };
		DF78F44D2979C84B00892685 /* RMService.swift */ = {isa = PBXFileReference; lastKnownFileType = sourcecode.swift; path = RMService.swift; sourceTree = "<group>"; };
		DF78F44F2979C85200892685 /* RMRequest.swift */ = {isa = PBXFileReference; lastKnownFileType = sourcecode.swift; path = RMRequest.swift; sourceTree = "<group>"; };
		DF78F4512979C9E300892685 /* RMEndpoint.swift */ = {isa = PBXFileReference; lastKnownFileType = sourcecode.swift; path = RMEndpoint.swift; sourceTree = "<group>"; };
/* End PBXFileReference section */

/* Begin PBXFrameworksBuildPhase section */
		DF78F41C29783FC400892685 /* Frameworks */ = {
			isa = PBXFrameworksBuildPhase;
			buildActionMask = 2147483647;
			files = (
			);
			runOnlyForDeploymentPostprocessing = 0;
		};
/* End PBXFrameworksBuildPhase section */

/* Begin PBXGroup section */
		DF707F11298187BA00EEF366 /* DataTypes */ = {
			isa = PBXGroup;
			children = (
				DF78F43D2978463100892685 /* RMLocation.swift */,
				DF78F43F2978463C00892685 /* RMCharacter.swift */,
				DF78F4412978464D00892685 /* RMEpisode.swift */,
			);
			path = DataTypes;
			sourceTree = "<group>";
		};
		DF707F12298187DF00EEF366 /* APIResponseTypes */ = {
			isa = PBXGroup;
			children = (
				DF707F13298187FA00EEF366 /* RMGetAllCharactersResponse.swift */,
			);
			path = APIResponseTypes;
			sourceTree = "<group>";
		};
		DF78F41629783FC400892685 = {
			isa = PBXGroup;
			children = (
				DF78F42129783FC400892685 /* rick-and-morty */,
				DF78F42029783FC400892685 /* Products */,
			);
			sourceTree = "<group>";
		};
		DF78F42029783FC400892685 /* Products */ = {
			isa = PBXGroup;
			children = (
				DF78F41F29783FC400892685 /* rick-and-morty.app */,
			);
			name = Products;
			sourceTree = "<group>";
		};
		DF78F42129783FC400892685 /* rick-and-morty */ = {
			isa = PBXGroup;
			children = (
				DF78F43C297845AD00892685 /* Resources */,
				DF78F43B2978459E00892685 /* Managers */,
				DF78F43A2978459800892685 /* APIClient */,
				DF78F439297842E200892685 /* Views */,
				DF78F438297842DB00892685 /* ViewModels */,
				DF78F437297842D600892685 /* Models */,
				DF78F436297842CF00892685 /* Controllers */,
				DF78F43029783FC600892685 /* Info.plist */,
			);
			path = "rick-and-morty";
			sourceTree = "<group>";
		};
		DF78F436297842CF00892685 /* Controllers */ = {
			isa = PBXGroup;
			children = (
				DF78F443297846CB00892685 /* Core */,
			);
			path = Controllers;
			sourceTree = "<group>";
		};
		DF78F437297842D600892685 /* Models */ = {
			isa = PBXGroup;
			children = (
				DF707F12298187DF00EEF366 /* APIResponseTypes */,
				DF707F11298187BA00EEF366 /* DataTypes */,
			);
			path = Models;
			sourceTree = "<group>";
		};
		DF78F438297842DB00892685 /* ViewModels */ = {
			isa = PBXGroup;
			children = (
			);
			path = ViewModels;
			sourceTree = "<group>";
		};
		DF78F439297842E200892685 /* Views */ = {
			isa = PBXGroup;
			children = (
			);
			path = Views;
			sourceTree = "<group>";
		};
		DF78F43A2978459800892685 /* APIClient */ = {
			isa = PBXGroup;
			children = (
				DF78F44D2979C84B00892685 /* RMService.swift */,
				DF78F44F2979C85200892685 /* RMRequest.swift */,
				DF78F4512979C9E300892685 /* RMEndpoint.swift */,
			);
			path = APIClient;
			sourceTree = "<group>";
		};
		DF78F43B2978459E00892685 /* Managers */ = {
			isa = PBXGroup;
			children = (
			);
			path = Managers;
			sourceTree = "<group>";
		};
		DF78F43C297845AD00892685 /* Resources */ = {
			isa = PBXGroup;
			children = (
				DF78F42229783FC400892685 /* AppDelegate.swift */,
				DF78F42429783FC400892685 /* SceneDelegate.swift */,
				DF78F42B29783FC600892685 /* Assets.xcassets */,
				DF78F42D29783FC600892685 /* LaunchScreen.storyboard */,
			);
			path = Resources;
			sourceTree = "<group>";
		};
		DF78F443297846CB00892685 /* Core */ = {
			isa = PBXGroup;
			children = (
				DF78F42629783FC400892685 /* RMTabViewController.swift */,
				DF78F4452978485600892685 /* RMLocationViewController.swift */,
				DF78F4472978486000892685 /* RMCharacterViewController.swift */,
				DF78F4492978487300892685 /* RMEpisodeViewController.swift */,
				DF78F44B2978488400892685 /* RMSettingsViewController.swift */,
			);
			path = Core;
			sourceTree = "<group>";
		};
/* End PBXGroup section */

/* Begin PBXNativeTarget section */
		DF78F41E29783FC400892685 /* rick-and-morty */ = {
			isa = PBXNativeTarget;
			buildConfigurationList = DF78F43329783FC600892685 /* Build configuration list for PBXNativeTarget "rick-and-morty" */;
			buildPhases = (
				DF78F41B29783FC400892685 /* Sources */,
				DF78F41C29783FC400892685 /* Frameworks */,
				DF78F41D29783FC400892685 /* Resources */,
			);
			buildRules = (
			);
			dependencies = (
			);
			name = "rick-and-morty";
			productName = "rick-and-morty";
			productReference = DF78F41F29783FC400892685 /* rick-and-morty.app */;
			productType = "com.apple.product-type.application";
		};
/* End PBXNativeTarget section */

/* Begin PBXProject section */
		DF78F41729783FC400892685 /* Project object */ = {
			isa = PBXProject;
			attributes = {
				BuildIndependentTargetsInParallel = 1;
				LastSwiftUpdateCheck = 1320;
				LastUpgradeCheck = 1320;
				TargetAttributes = {
					DF78F41E29783FC400892685 = {
						CreatedOnToolsVersion = 13.2.1;
					};
				};
			};
			buildConfigurationList = DF78F41A29783FC400892685 /* Build configuration list for PBXProject "rick-and-morty" */;
			compatibilityVersion = "Xcode 13.0";
			developmentRegion = en;
			hasScannedForEncodings = 0;
			knownRegions = (
				en,
				Base,
			);
			mainGroup = DF78F41629783FC400892685;
			productRefGroup = DF78F42029783FC400892685 /* Products */;
			projectDirPath = "";
			projectRoot = "";
			targets = (
				DF78F41E29783FC400892685 /* rick-and-morty */,
			);
		};
/* End PBXProject section */

/* Begin PBXResourcesBuildPhase section */
		DF78F41D29783FC400892685 /* Resources */ = {
			isa = PBXResourcesBuildPhase;
			buildActionMask = 2147483647;
			files = (
				DF78F42F29783FC600892685 /* LaunchScreen.storyboard in Resources */,
				DF78F42C29783FC600892685 /* Assets.xcassets in Resources */,
			);
			runOnlyForDeploymentPostprocessing = 0;
		};
/* End PBXResourcesBuildPhase section */

/* Begin PBXSourcesBuildPhase section */
		DF78F41B29783FC400892685 /* Sources */ = {
			isa = PBXSourcesBuildPhase;
			buildActionMask = 2147483647;
			files = (
				DF78F4422978464D00892685 /* RMEpisode.swift in Sources */,
				DF78F42729783FC400892685 /* RMTabViewController.swift in Sources */,
				DF78F4462978485600892685 /* RMLocationViewController.swift in Sources */,
				DF78F44A2978487300892685 /* RMEpisodeViewController.swift in Sources */,
				DF707F14298187FA00EEF366 /* RMGetAllCharactersResponse.swift in Sources */,
				DF78F42329783FC400892685 /* AppDelegate.swift in Sources */,
				DF78F42529783FC400892685 /* SceneDelegate.swift in Sources */,
				DF78F44C2978488400892685 /* RMSettingsViewController.swift in Sources */,
				DF78F4522979C9E300892685 /* RMEndpoint.swift in Sources */,
				DF78F44E2979C84B00892685 /* RMService.swift in Sources */,
				DF78F4482978486000892685 /* RMCharacterViewController.swift in Sources */,
				DF78F43E2978463100892685 /* RMLocation.swift in Sources */,
				DF78F4502979C85200892685 /* RMRequest.swift in Sources */,
				DF78F4402978463C00892685 /* RMCharacter.swift in Sources */,
			);
			runOnlyForDeploymentPostprocessing = 0;
		};
/* End PBXSourcesBuildPhase section */

/* Begin PBXVariantGroup section */
		DF78F42D29783FC600892685 /* LaunchScreen.storyboard */ = {
			isa = PBXVariantGroup;
			children = (
				DF78F42E29783FC600892685 /* Base */,
			);
			name = LaunchScreen.storyboard;
			sourceTree = "<group>";
		};
/* End PBXVariantGroup section */

/* Begin XCBuildConfiguration section */
		DF78F43129783FC600892685 /* Debug */ = {
			isa = XCBuildConfiguration;
			buildSettings = {
				ALWAYS_SEARCH_USER_PATHS = NO;
				CLANG_ANALYZER_NONNULL = YES;
				CLANG_ANALYZER_NUMBER_OBJECT_CONVERSION = YES_AGGRESSIVE;
				CLANG_CXX_LANGUAGE_STANDARD = "gnu++17";
				CLANG_CXX_LIBRARY = "libc++";
				CLANG_ENABLE_MODULES = YES;
				CLANG_ENABLE_OBJC_ARC = YES;
				CLANG_ENABLE_OBJC_WEAK = YES;
				CLANG_WARN_BLOCK_CAPTURE_AUTORELEASING = YES;
				CLANG_WARN_BOOL_CONVERSION = YES;
				CLANG_WARN_COMMA = YES;
				CLANG_WARN_CONSTANT_CONVERSION = YES;
				CLANG_WARN_DEPRECATED_OBJC_IMPLEMENTATIONS = YES;
				CLANG_WARN_DIRECT_OBJC_ISA_USAGE = YES_ERROR;
				CLANG_WARN_DOCUMENTATION_COMMENTS = YES;
				CLANG_WARN_EMPTY_BODY = YES;
				CLANG_WARN_ENUM_CONVERSION = YES;
				CLANG_WARN_INFINITE_RECURSION = YES;
				CLANG_WARN_INT_CONVERSION = YES;
				CLANG_WARN_NON_LITERAL_NULL_CONVERSION = YES;
				CLANG_WARN_OBJC_IMPLICIT_RETAIN_SELF = YES;
				CLANG_WARN_OBJC_LITERAL_CONVERSION = YES;
				CLANG_WARN_OBJC_ROOT_CLASS = YES_ERROR;
				CLANG_WARN_QUOTED_INCLUDE_IN_FRAMEWORK_HEADER = YES;
				CLANG_WARN_RANGE_LOOP_ANALYSIS = YES;
				CLANG_WARN_STRICT_PROTOTYPES = YES;
				CLANG_WARN_SUSPICIOUS_MOVE = YES;
				CLANG_WARN_UNGUARDED_AVAILABILITY = YES_AGGRESSIVE;
				CLANG_WARN_UNREACHABLE_CODE = YES;
				CLANG_WARN__DUPLICATE_METHOD_MATCH = YES;
				COPY_PHASE_STRIP = NO;
				DEBUG_INFORMATION_FORMAT = dwarf;
				ENABLE_STRICT_OBJC_MSGSEND = YES;
				ENABLE_TESTABILITY = YES;
				GCC_C_LANGUAGE_STANDARD = gnu11;
				GCC_DYNAMIC_NO_PIC = NO;
				GCC_NO_COMMON_BLOCKS = YES;
				GCC_OPTIMIZATION_LEVEL = 0;
				GCC_PREPROCESSOR_DEFINITIONS = (
					"DEBUG=1",
					"$(inherited)",
				);
				GCC_WARN_64_TO_32_BIT_CONVERSION = YES;
				GCC_WARN_ABOUT_RETURN_TYPE = YES_ERROR;
				GCC_WARN_UNDECLARED_SELECTOR = YES;
				GCC_WARN_UNINITIALIZED_AUTOS = YES_AGGRESSIVE;
				GCC_WARN_UNUSED_FUNCTION = YES;
				GCC_WARN_UNUSED_VARIABLE = YES;
				IPHONEOS_DEPLOYMENT_TARGET = 15.2;
				MTL_ENABLE_DEBUG_INFO = INCLUDE_SOURCE;
				MTL_FAST_MATH = YES;
				ONLY_ACTIVE_ARCH = YES;
				SDKROOT = iphoneos;
				SWIFT_ACTIVE_COMPILATION_CONDITIONS = DEBUG;
				SWIFT_OPTIMIZATION_LEVEL = "-Onone";
			};
			name = Debug;
		};
		DF78F43229783FC600892685 /* Release */ = {
			isa = XCBuildConfiguration;
			buildSettings = {
				ALWAYS_SEARCH_USER_PATHS = NO;
				CLANG_ANALYZER_NONNULL = YES;
				CLANG_ANALYZER_NUMBER_OBJECT_CONVERSION = YES_AGGRESSIVE;
				CLANG_CXX_LANGUAGE_STANDARD = "gnu++17";
				CLANG_CXX_LIBRARY = "libc++";
				CLANG_ENABLE_MODULES = YES;
				CLANG_ENABLE_OBJC_ARC = YES;
				CLANG_ENABLE_OBJC_WEAK = YES;
				CLANG_WARN_BLOCK_CAPTURE_AUTORELEASING = YES;
				CLANG_WARN_BOOL_CONVERSION = YES;
				CLANG_WARN_COMMA = YES;
				CLANG_WARN_CONSTANT_CONVERSION = YES;
				CLANG_WARN_DEPRECATED_OBJC_IMPLEMENTATIONS = YES;
				CLANG_WARN_DIRECT_OBJC_ISA_USAGE = YES_ERROR;
				CLANG_WARN_DOCUMENTATION_COMMENTS = YES;
				CLANG_WARN_EMPTY_BODY = YES;
				CLANG_WARN_ENUM_CONVERSION = YES;
				CLANG_WARN_INFINITE_RECURSION = YES;
				CLANG_WARN_INT_CONVERSION = YES;
				CLANG_WARN_NON_LITERAL_NULL_CONVERSION = YES;
				CLANG_WARN_OBJC_IMPLICIT_RETAIN_SELF = YES;
				CLANG_WARN_OBJC_LITERAL_CONVERSION = YES;
				CLANG_WARN_OBJC_ROOT_CLASS = YES_ERROR;
				CLANG_WARN_QUOTED_INCLUDE_IN_FRAMEWORK_HEADER = YES;
				CLANG_WARN_RANGE_LOOP_ANALYSIS = YES;
				CLANG_WARN_STRICT_PROTOTYPES = YES;
				CLANG_WARN_SUSPICIOUS_MOVE = YES;
				CLANG_WARN_UNGUARDED_AVAILABILITY = YES_AGGRESSIVE;
				CLANG_WARN_UNREACHABLE_CODE = YES;
				CLANG_WARN__DUPLICATE_METHOD_MATCH = YES;
				COPY_PHASE_STRIP = NO;
				DEBUG_INFORMATION_FORMAT = "dwarf-with-dsym";
				ENABLE_NS_ASSERTIONS = NO;
				ENABLE_STRICT_OBJC_MSGSEND = YES;
				GCC_C_LANGUAGE_STANDARD = gnu11;
				GCC_NO_COMMON_BLOCKS = YES;
				GCC_WARN_64_TO_32_BIT_CONVERSION = YES;
				GCC_WARN_ABOUT_RETURN_TYPE = YES_ERROR;
				GCC_WARN_UNDECLARED_SELECTOR = YES;
				GCC_WARN_UNINITIALIZED_AUTOS = YES_AGGRESSIVE;
				GCC_WARN_UNUSED_FUNCTION = YES;
				GCC_WARN_UNUSED_VARIABLE = YES;
				IPHONEOS_DEPLOYMENT_TARGET = 15.2;
				MTL_ENABLE_DEBUG_INFO = NO;
				MTL_FAST_MATH = YES;
				SDKROOT = iphoneos;
				SWIFT_COMPILATION_MODE = wholemodule;
				SWIFT_OPTIMIZATION_LEVEL = "-O";
				VALIDATE_PRODUCT = YES;
			};
			name = Release;
		};
		DF78F43429783FC600892685 /* Debug */ = {
			isa = XCBuildConfiguration;
			buildSettings = {
				ASSETCATALOG_COMPILER_APPICON_NAME = AppIcon;
				ASSETCATALOG_COMPILER_GLOBAL_ACCENT_COLOR_NAME = AccentColor;
				CODE_SIGN_STYLE = Automatic;
				CURRENT_PROJECT_VERSION = 1;
				GENERATE_INFOPLIST_FILE = YES;
				INFOPLIST_FILE = "rick-and-morty/Info.plist";
				INFOPLIST_KEY_UIApplicationSupportsIndirectInputEvents = YES;
				INFOPLIST_KEY_UILaunchStoryboardName = LaunchScreen;
				INFOPLIST_KEY_UISupportedInterfaceOrientations_iPad = "UIInterfaceOrientationPortrait UIInterfaceOrientationPortraitUpsideDown UIInterfaceOrientationLandscapeLeft UIInterfaceOrientationLandscapeRight";
				INFOPLIST_KEY_UISupportedInterfaceOrientations_iPhone = "UIInterfaceOrientationPortrait UIInterfaceOrientationLandscapeLeft UIInterfaceOrientationLandscapeRight";
				LD_RUNPATH_SEARCH_PATHS = (
					"$(inherited)",
					"@executable_path/Frameworks",
				);
				MARKETING_VERSION = 1.0;
				PRODUCT_BUNDLE_IDENTIFIER = "mytest.rick-and-morty";
				PRODUCT_NAME = "$(TARGET_NAME)";
				SWIFT_EMIT_LOC_STRINGS = YES;
				SWIFT_VERSION = 5.0;
				TARGETED_DEVICE_FAMILY = "1,2";
			};
			name = Debug;
		};
		DF78F43529783FC600892685 /* Release */ = {
			isa = XCBuildConfiguration;
			buildSettings = {
				ASSETCATALOG_COMPILER_APPICON_NAME = AppIcon;
				ASSETCATALOG_COMPILER_GLOBAL_ACCENT_COLOR_NAME = AccentColor;
				CODE_SIGN_STYLE = Automatic;
				CURRENT_PROJECT_VERSION = 1;
				GENERATE_INFOPLIST_FILE = YES;
				INFOPLIST_FILE = "rick-and-morty/Info.plist";
				INFOPLIST_KEY_UIApplicationSupportsIndirectInputEvents = YES;
				INFOPLIST_KEY_UILaunchStoryboardName = LaunchScreen;
				INFOPLIST_KEY_UISupportedInterfaceOrientations_iPad = "UIInterfaceOrientationPortrait UIInterfaceOrientationPortraitUpsideDown UIInterfaceOrientationLandscapeLeft UIInterfaceOrientationLandscapeRight";
				INFOPLIST_KEY_UISupportedInterfaceOrientations_iPhone = "UIInterfaceOrientationPortrait UIInterfaceOrientationLandscapeLeft UIInterfaceOrientationLandscapeRight";
				LD_RUNPATH_SEARCH_PATHS = (
					"$(inherited)",
					"@executable_path/Frameworks",
				);
				MARKETING_VERSION = 1.0;
				PRODUCT_BUNDLE_IDENTIFIER = "mytest.rick-and-morty";
				PRODUCT_NAME = "$(TARGET_NAME)";
				SWIFT_EMIT_LOC_STRINGS = YES;
				SWIFT_VERSION = 5.0;
				TARGETED_DEVICE_FAMILY = "1,2";
			};
			name = Release;
		};
/* End XCBuildConfiguration section */

/* Begin XCConfigurationList section */
		DF78F41A29783FC400892685 /* Build configuration list for PBXProject "rick-and-morty" */ = {
			isa = XCConfigurationList;
			buildConfigurations = (
				DF78F43129783FC600892685 /* Debug */,
				DF78F43229783FC600892685 /* Release */,
			);
			defaultConfigurationIsVisible = 0;
			defaultConfigurationName = Release;
		};
		DF78F43329783FC600892685 /* Build configuration list for PBXNativeTarget "rick-and-morty" */ = {
			isa = XCConfigurationList;
			buildConfigurations = (
				DF78F43429783FC600892685 /* Debug */,
				DF78F43529783FC600892685 /* Release */,
			);
			defaultConfigurationIsVisible = 0;
			defaultConfigurationName = Release;
		};
/* End XCConfigurationList section */
	};
	rootObject = DF78F41729783FC400892685 /* Project object */;
}
